
Microsoft Visual Studio Solution File, Format Version 12.00
# Visual Studio Version 17
VisualStudioVersion = 17.5.33516.290
MinimumVisualStudioVersion = 10.0.40219.1
Project("{FAE04EC0-301F-11D3-BF4B-00C04F79EFBC}") = "pguanotasigS5.Android", "pguanotasigS5.Android\pguanotasigS5.Android.csproj", "{9FD19971-3B43-4E5B-9204-869270FEFCD4}"
EndProject
Project("{FAE04EC0-301F-11D3-BF4B-00C04F79EFBC}") = "pguanotasigS5.iOS", "pguanotasigS5.iOS\pguanotasigS5.iOS.csproj", "{B2704FE2-C430-43BA-9A23-4329F19678E5}"
EndProject
Project("{FAE04EC0-301F-11D3-BF4B-00C04F79EFBC}") = "pguanotasigS5", "pguanotasigS5\pguanotasigS5.csproj", "{9C0CE5CA-FDB8-43FC-AB05-891974B52015}"
EndProject
Global
	GlobalSection(SolutionConfigurationPlatforms) = preSolution
		Debug|Any CPU = Debug|Any CPU
		Debug|iPhone = Debug|iPhone
		Debug|iPhoneSimulator = Debug|iPhoneSimulator
		Release|Any CPU = Release|Any CPU
		Release|iPhone = Release|iPhone
		Release|iPhoneSimulator = Release|iPhoneSimulator
	EndGlobalSection
	GlobalSection(ProjectConfigurationPlatforms) = postSolution
		{9FD19971-3B43-4E5B-9204-869270FEFCD4}.Debug|Any CPU.ActiveCfg = Debug|Any CPU
		{9FD19971-3B43-4E5B-9204-869270FEFCD4}.Debug|Any CPU.Build.0 = Debug|Any CPU
		{9FD19971-3B43-4E5B-9204-869270FEFCD4}.Debug|Any CPU.Deploy.0 = Debug|Any CPU
		{9FD19971-3B43-4E5B-9204-869270FEFCD4}.Debug|iPhone.ActiveCfg = Debug|Any CPU
		{9FD19971-3B43-4E5B-9204-869270FEFCD4}.Debug|iPhone.Build.0 = Debug|Any CPU
		{9FD19971-3B43-4E5B-9204-869270FEFCD4}.Debug|iPhone.Deploy.0 = Debug|Any CPU
		{9FD19971-3B43-4E5B-9204-869270FEFCD4}.Debug|iPhoneSimulator.ActiveCfg = Debug|Any CPU
		{9FD19971-3B43-4E5B-9204-869270FEFCD4}.Debug|iPhoneSimulator.Build.0 = Debug|Any CPU
		{9FD19971-3B43-4E5B-9204-869270FEFCD4}.Debug|iPhoneSimulator.Deploy.0 = Debug|Any CPU
		{9FD19971-3B43-4E5B-9204-869270FEFCD4}.Release|Any CPU.ActiveCfg = Release|Any CPU
		{9FD19971-3B43-4E5B-9204-869270FEFCD4}.Release|Any CPU.Build.0 = Release|Any CPU
		{9FD19971-3B43-4E5B-9204-869270FEFCD4}.Release|Any CPU.Deploy.0 = Release|Any CPU
		{9FD19971-3B43-4E5B-9204-869270FEFCD4}.Release|iPhone.ActiveCfg = Release|Any CPU
		{9FD19971-3B43-4E5B-9204-869270FEFCD4}.Release|iPhone.Build.0 = Release|Any CPU
		{9FD19971-3B43-4E5B-9204-869270FEFCD4}.Release|iPhone.Deploy.0 = Release|Any CPU
		{9FD19971-3B43-4E5B-9204-869270FEFCD4}.Release|iPhoneSimulator.ActiveCfg = Release|Any CPU
		{9FD19971-3B43-4E5B-9204-869270FEFCD4}.Release|iPhoneSimulator.Build.0 = Release|Any CPU
		{9FD19971-3B43-4E5B-9204-869270FEFCD4}.Release|iPhoneSimulator.Deploy.0 = Release|Any CPU
		{B2704FE2-C430-43BA-9A23-4329F19678E5}.Debug|Any CPU.ActiveCfg = Debug|iPhone
		{B2704FE2-C430-43BA-9A23-4329F19678E5}.Debug|Any CPU.Build.0 = Debug|iPhone
		{B2704FE2-C430-43BA-9A23-4329F19678E5}.Debug|Any CPU.Deploy.0 = Debug|iPhone
		{B2704FE2-C430-43BA-9A23-4329F19678E5}.Debug|iPhone.ActiveCfg = Debug|iPhone
		{B2704FE2-C430-43BA-9A23-4329F19678E5}.Debug|iPhone.Build.0 = Debug|iPhone
		{B2704FE2-C430-43BA-9A23-4329F19678E5}.Debug|iPhone.Deploy.0 = Debug|iPhone
		{B2704FE2-C430-43BA-9A23-4329F19678E5}.Debug|iPhoneSimulator.ActiveCfg = Debug|iPhoneSimulator
		{B2704FE2-C430-43BA-9A23-4329F19678E5}.Debug|iPhoneSimulator.Build.0 = Debug|iPhoneSimulator
		{B2704FE2-C430-43BA-9A23-4329F19678E5}.Debug|iPhoneSimulator.Deploy.0 = Debug|iPhoneSimulator
		{B2704FE2-C430-43BA-9A23-4329F19678E5}.Release|Any CPU.ActiveCfg = Release|iPhoneSimulator
		{B2704FE2-C430-43BA-9A23-4329F19678E5}.Release|Any CPU.Build.0 = Release|iPhoneSimulator
		{B2704FE2-C430-43BA-9A23-4329F19678E5}.Release|Any CPU.Deploy.0 = Release|iPhoneSimulator
		{B2704FE2-C430-43BA-9A23-4329F19678E5}.Release|iPhone.ActiveCfg = Release|iPhone
		{B2704FE2-C430-43BA-9A23-4329F19678E5}.Release|iPhone.Build.0 = Release|iPhone
		{B2704FE2-C430-43BA-9A23-4329F19678E5}.Release|iPhone.Deploy.0 = Release|iPhone
		{B2704FE2-C430-43BA-9A23-4329F19678E5}.Release|iPhoneSimulator.ActiveCfg = Release|iPhoneSimulator
		{B2704FE2-C430-43BA-9A23-4329F19678E5}.Release|iPhoneSimulator.Build.0 = Release|iPhoneSimulator
		{B2704FE2-C430-43BA-9A23-4329F19678E5}.Release|iPhoneSimulator.Deploy.0 = Release|iPhoneSimulator
		{9C0CE5CA-FDB8-43FC-AB05-891974B52015}.Debug|Any CPU.ActiveCfg = Debug|Any CPU
		{9C0CE5CA-FDB8-43FC-AB05-891974B52015}.Debug|Any CPU.Build.0 = Debug|Any CPU
		{9C0CE5CA-FDB8-43FC-AB05-891974B52015}.Debug|Any CPU.Deploy.0 = Debug|Any CPU
		{9C0CE5CA-FDB8-43FC-AB05-891974B52015}.Debug|iPhone.ActiveCfg = Debug|Any CPU
		{9C0CE5CA-FDB8-43FC-AB05-891974B52015}.Debug|iPhone.Build.0 = Debug|Any CPU
		{9C0CE5CA-FDB8-43FC-AB05-891974B52015}.Debug|iPhone.Deploy.0 = Debug|Any CPU
		{9C0CE5CA-FDB8-43FC-AB05-891974B52015}.Debug|iPhoneSimulator.ActiveCfg = Debug|Any CPU
		{9C0CE5CA-FDB8-43FC-AB05-891974B52015}.Debug|iPhoneSimulator.Build.0 = Debug|Any CPU
		{9C0CE5CA-FDB8-43FC-AB05-891974B52015}.Debug|iPhoneSimulator.Deploy.0 = Debug|Any CPU
		{9C0CE5CA-FDB8-43FC-AB05-891974B52015}.Release|Any CPU.ActiveCfg = Release|Any CPU
		{9C0CE5CA-FDB8-43FC-AB05-891974B52015}.Release|Any CPU.Build.0 = Release|Any CPU
		{9C0CE5CA-FDB8-43FC-AB05-891974B52015}.Release|Any CPU.Deploy.0 = Release|Any CPU
		{9C0CE5CA-FDB8-43FC-AB05-891974B52015}.Release|iPhone.ActiveCfg = Release|Any CPU
		{9C0CE5CA-FDB8-43FC-AB05-891974B52015}.Release|iPhone.Build.0 = Release|Any CPU
		{9C0CE5CA-FDB8-43FC-AB05-891974B52015}.Release|iPhone.Deploy.0 = Release|Any CPU
		{9C0CE5CA-FDB8-43FC-AB05-891974B52015}.Release|iPhoneSimulator.ActiveCfg = Release|Any CPU
		{9C0CE5CA-FDB8-43FC-AB05-891974B52015}.Release|iPhoneSimulator.Build.0 = Release|Any CPU
		{9C0CE5CA-FDB8-43FC-AB05-891974B52015}.Release|iPhoneSimulator.Deploy.0 = Release|Any CPU
	EndGlobalSection
	GlobalSection(SolutionProperties) = preSolution
		HideSolutionNode = FALSE
	EndGlobalSection
	GlobalSection(ExtensibilityGlobals) = postSolution
		SolutionGuid = {35F69A3D-2896-4B42-9765-CB2D34E1F6FF}
	EndGlobalSection
EndGlobal
